// !$*UTF8*$!
{
	archiveVersion = 1;
	classes = {
	};
	objectVersion = 55;
	objects = {

/* Begin PBXBuildFile section */
		4E78B2EA27553EEF0099A84F /* AppDelegate.swift in Sources */ = {isa = PBXBuildFile; fileRef = 4E78B2E927553EEF0099A84F /* AppDelegate.swift */; };
		4E78B2EC27553EEF0099A84F /* SceneDelegate.swift in Sources */ = {isa = PBXBuildFile; fileRef = 4E78B2EB27553EEF0099A84F /* SceneDelegate.swift */; };
		4E78B2EE27553EEF0099A84F /* HomeViewController.swift in Sources */ = {isa = PBXBuildFile; fileRef = 4E78B2ED27553EEF0099A84F /* HomeViewController.swift */; };
		4E78B2F327553EF10099A84F /* Assets.xcassets in Resources */ = {isa = PBXBuildFile; fileRef = 4E78B2F227553EF10099A84F /* Assets.xcassets */; };
		4E78B2F627553EF10099A84F /* LaunchScreen.storyboard in Resources */ = {isa = PBXBuildFile; fileRef = 4E78B2F427553EF10099A84F /* LaunchScreen.storyboard */; };
		4E78B30527554B100099A84F /* TabBarViewController.swift in Sources */ = {isa = PBXBuildFile; fileRef = 4E78B30427554B100099A84F /* TabBarViewController.swift */; };
		4E78B30727554B2F0099A84F /* SearchViewController.swift in Sources */ = {isa = PBXBuildFile; fileRef = 4E78B30627554B2F0099A84F /* SearchViewController.swift */; };
		4E78B30927554B400099A84F /* LibraryViewController.swift in Sources */ = {isa = PBXBuildFile; fileRef = 4E78B30827554B400099A84F /* LibraryViewController.swift */; };
		4E78B30D27554B810099A84F /* AuthViewController.swift in Sources */ = {isa = PBXBuildFile; fileRef = 4E78B30C27554B810099A84F /* AuthViewController.swift */; };
		4E78B30F27554B960099A84F /* WelcomeViewController.swift in Sources */ = {isa = PBXBuildFile; fileRef = 4E78B30E27554B960099A84F /* WelcomeViewController.swift */; };
		4E78B31127554B9D0099A84F /* SettingsViewController.swift in Sources */ = {isa = PBXBuildFile; fileRef = 4E78B31027554B9D0099A84F /* SettingsViewController.swift */; };
		4E78B31327554BA30099A84F /* ProfileViewController.swift in Sources */ = {isa = PBXBuildFile; fileRef = 4E78B31227554BA30099A84F /* ProfileViewController.swift */; };
		4E78B31527554BC40099A84F /* PlayerViewController.swift in Sources */ = {isa = PBXBuildFile; fileRef = 4E78B31427554BC40099A84F /* PlayerViewController.swift */; };
		4E78B31727554BCC0099A84F /* PlaylistViewController.swift in Sources */ = {isa = PBXBuildFile; fileRef = 4E78B31627554BCC0099A84F /* PlaylistViewController.swift */; };
		4E78B31927554BEB0099A84F /* SearchResultViewController.swift in Sources */ = {isa = PBXBuildFile; fileRef = 4E78B31827554BEB0099A84F /* SearchResultViewController.swift */; };
		4E78B31B27554C1E0099A84F /* AuthManager.swift in Sources */ = {isa = PBXBuildFile; fileRef = 4E78B31A27554C1E0099A84F /* AuthManager.swift */; };
		4E78B31D27554C370099A84F /* APICaller.swift in Sources */ = {isa = PBXBuildFile; fileRef = 4E78B31C27554C370099A84F /* APICaller.swift */; };
		4E78B31F27554C4E0099A84F /* HapitcsManager.swift in Sources */ = {isa = PBXBuildFile; fileRef = 4E78B31E27554C4E0099A84F /* HapitcsManager.swift */; };
		4E78B32127554C6B0099A84F /* Playlist.swift in Sources */ = {isa = PBXBuildFile; fileRef = 4E78B32027554C6B0099A84F /* Playlist.swift */; };
		4E78B32327554C750099A84F /* AudioTrack.swift in Sources */ = {isa = PBXBuildFile; fileRef = 4E78B32227554C750099A84F /* AudioTrack.swift */; };
		4E78B32527554C7B0099A84F /* Artist.swift in Sources */ = {isa = PBXBuildFile; fileRef = 4E78B32427554C7B0099A84F /* Artist.swift */; };
		4E78B32727554C880099A84F /* UserProfile.swift in Sources */ = {isa = PBXBuildFile; fileRef = 4E78B32627554C880099A84F /* UserProfile.swift */; };
		4E78B329275648B00099A84F /* Extensions.swift in Sources */ = {isa = PBXBuildFile; fileRef = 4E78B328275648B00099A84F /* Extensions.swift */; };
/* End PBXBuildFile section */

/* Begin PBXFileReference section */
		4E78B2E627553EEF0099A84F /* Spotify.app */ = {isa = PBXFileReference; explicitFileType = wrapper.application; includeInIndex = 0; path = Spotify.app; sourceTree = BUILT_PRODUCTS_DIR; };
		4E78B2E927553EEF0099A84F /* AppDelegate.swift */ = {isa = PBXFileReference; lastKnownFileType = sourcecode.swift; path = AppDelegate.swift; sourceTree = "<group>"; };
		4E78B2EB27553EEF0099A84F /* SceneDelegate.swift */ = {isa = PBXFileReference; lastKnownFileType = sourcecode.swift; path = SceneDelegate.swift; sourceTree = "<group>"; };
		4E78B2ED27553EEF0099A84F /* HomeViewController.swift */ = {isa = PBXFileReference; lastKnownFileType = sourcecode.swift; path = HomeViewController.swift; sourceTree = "<group>"; };
		4E78B2F227553EF10099A84F /* Assets.xcassets */ = {isa = PBXFileReference; lastKnownFileType = folder.assetcatalog; path = Assets.xcassets; sourceTree = "<group>"; };
		4E78B2F527553EF10099A84F /* Base */ = {isa = PBXFileReference; lastKnownFileType = file.storyboard; name = Base; path = Base.lproj/LaunchScreen.storyboard; sourceTree = "<group>"; };
		4E78B2F727553EF10099A84F /* Info.plist */ = {isa = PBXFileReference; lastKnownFileType = text.plist.xml; path = Info.plist; sourceTree = "<group>"; };
		4E78B30427554B100099A84F /* TabBarViewController.swift */ = {isa = PBXFileReference; lastKnownFileType = sourcecode.swift; path = TabBarViewController.swift; sourceTree = "<group>"; };
		4E78B30627554B2F0099A84F /* SearchViewController.swift */ = {isa = PBXFileReference; lastKnownFileType = sourcecode.swift; path = SearchViewController.swift; sourceTree = "<group>"; };
		4E78B30827554B400099A84F /* LibraryViewController.swift */ = {isa = PBXFileReference; lastKnownFileType = sourcecode.swift; path = LibraryViewController.swift; sourceTree = "<group>"; };
		4E78B30C27554B810099A84F /* AuthViewController.swift */ = {isa = PBXFileReference; lastKnownFileType = sourcecode.swift; path = AuthViewController.swift; sourceTree = "<group>"; };
		4E78B30E27554B960099A84F /* WelcomeViewController.swift */ = {isa = PBXFileReference; lastKnownFileType = sourcecode.swift; path = WelcomeViewController.swift; sourceTree = "<group>"; };
		4E78B31027554B9D0099A84F /* SettingsViewController.swift */ = {isa = PBXFileReference; lastKnownFileType = sourcecode.swift; path = SettingsViewController.swift; sourceTree = "<group>"; };
		4E78B31227554BA30099A84F /* ProfileViewController.swift */ = {isa = PBXFileReference; lastKnownFileType = sourcecode.swift; path = ProfileViewController.swift; sourceTree = "<group>"; };
		4E78B31427554BC40099A84F /* PlayerViewController.swift */ = {isa = PBXFileReference; lastKnownFileType = sourcecode.swift; path = PlayerViewController.swift; sourceTree = "<group>"; };
		4E78B31627554BCC0099A84F /* PlaylistViewController.swift */ = {isa = PBXFileReference; lastKnownFileType = sourcecode.swift; path = PlaylistViewController.swift; sourceTree = "<group>"; };
		4E78B31827554BEB0099A84F /* SearchResultViewController.swift */ = {isa = PBXFileReference; lastKnownFileType = sourcecode.swift; path = SearchResultViewController.swift; sourceTree = "<group>"; };
		4E78B31A27554C1E0099A84F /* AuthManager.swift */ = {isa = PBXFileReference; lastKnownFileType = sourcecode.swift; path = AuthManager.swift; sourceTree = "<group>"; };
		4E78B31C27554C370099A84F /* APICaller.swift */ = {isa = PBXFileReference; lastKnownFileType = sourcecode.swift; path = APICaller.swift; sourceTree = "<group>"; };
		4E78B31E27554C4E0099A84F /* HapitcsManager.swift */ = {isa = PBXFileReference; lastKnownFileType = sourcecode.swift; path = HapitcsManager.swift; sourceTree = "<group>"; };
		4E78B32027554C6B0099A84F /* Playlist.swift */ = {isa = PBXFileReference; lastKnownFileType = sourcecode.swift; path = Playlist.swift; sourceTree = "<group>"; };
		4E78B32227554C750099A84F /* AudioTrack.swift */ = {isa = PBXFileReference; lastKnownFileType = sourcecode.swift; path = AudioTrack.swift; sourceTree = "<group>"; };
		4E78B32427554C7B0099A84F /* Artist.swift */ = {isa = PBXFileReference; lastKnownFileType = sourcecode.swift; path = Artist.swift; sourceTree = "<group>"; };
		4E78B32627554C880099A84F /* UserProfile.swift */ = {isa = PBXFileReference; lastKnownFileType = sourcecode.swift; path = UserProfile.swift; sourceTree = "<group>"; };
		4E78B328275648B00099A84F /* Extensions.swift */ = {isa = PBXFileReference; lastKnownFileType = sourcecode.swift; path = Extensions.swift; sourceTree = "<group>"; };
/* End PBXFileReference section */

/* Begin PBXFrameworksBuildPhase section */
		4E78B2E327553EEF0099A84F /* Frameworks */ = {
			isa = PBXFrameworksBuildPhase;
			buildActionMask = 2147483647;
			files = (
			);
			runOnlyForDeploymentPostprocessing = 0;
		};
/* End PBXFrameworksBuildPhase section */

/* Begin PBXGroup section */
		4E78B2DD27553EEF0099A84F = {
			isa = PBXGroup;
			children = (
				4E78B2E827553EEF0099A84F /* Spotify */,
				4E78B2E727553EEF0099A84F /* Products */,
			);
			sourceTree = "<group>";
		};
		4E78B2E727553EEF0099A84F /* Products */ = {
			isa = PBXGroup;
			children = (
				4E78B2E627553EEF0099A84F /* Spotify.app */,
			);
			name = Products;
			sourceTree = "<group>";
		};
		4E78B2E827553EEF0099A84F /* Spotify */ = {
			isa = PBXGroup;
			children = (
				4E78B303275541D30099A84F /* Managers */,
				4E78B302275541C60099A84F /* ViewModels */,
				4E78B301275541BF0099A84F /* Models */,
				4E78B300275541B50099A84F /* Resources */,
				4E78B2FF275541AB0099A84F /* Controllers */,
				4E78B2FE2755419E0099A84F /* Views */,
				4E78B2F727553EF10099A84F /* Info.plist */,
			);
			path = Spotify;
			sourceTree = "<group>";
		};
		4E78B2FE2755419E0099A84F /* Views */ = {
			isa = PBXGroup;
			children = (
				4E78B2F427553EF10099A84F /* LaunchScreen.storyboard */,
			);
			path = Views;
			sourceTree = "<group>";
		};
		4E78B2FF275541AB0099A84F /* Controllers */ = {
			isa = PBXGroup;
			children = (
				4E78B30B27554B540099A84F /* Other */,
				4E78B30A27554B4E0099A84F /* Core */,
			);
			path = Controllers;
			sourceTree = "<group>";
		};
		4E78B300275541B50099A84F /* Resources */ = {
			isa = PBXGroup;
			children = (
				4E78B2E927553EEF0099A84F /* AppDelegate.swift */,
				4E78B2EB27553EEF0099A84F /* SceneDelegate.swift */,
				4E78B2F227553EF10099A84F /* Assets.xcassets */,
				4E78B328275648B00099A84F /* Extensions.swift */,
			);
			path = Resources;
			sourceTree = "<group>";
		};
		4E78B301275541BF0099A84F /* Models */ = {
			isa = PBXGroup;
			children = (
				4E78B32027554C6B0099A84F /* Playlist.swift */,
				4E78B32227554C750099A84F /* AudioTrack.swift */,
				4E78B32427554C7B0099A84F /* Artist.swift */,
				4E78B32627554C880099A84F /* UserProfile.swift */,
			);
			path = Models;
			sourceTree = "<group>";
		};
		4E78B302275541C60099A84F /* ViewModels */ = {
			isa = PBXGroup;
			children = (
			);
			path = ViewModels;
			sourceTree = "<group>";
		};
		4E78B303275541D30099A84F /* Managers */ = {
			isa = PBXGroup;
			children = (
				4E78B31A27554C1E0099A84F /* AuthManager.swift */,
				4E78B31C27554C370099A84F /* APICaller.swift */,
				4E78B31E27554C4E0099A84F /* HapitcsManager.swift */,
			);
			path = Managers;
			sourceTree = "<group>";
		};
		4E78B30A27554B4E0099A84F /* Core */ = {
			isa = PBXGroup;
			children = (
				4E78B30427554B100099A84F /* TabBarViewController.swift */,
				4E78B2ED27553EEF0099A84F /* HomeViewController.swift */,
				4E78B30627554B2F0099A84F /* SearchViewController.swift */,
				4E78B30827554B400099A84F /* LibraryViewController.swift */,
			);
			path = Core;
			sourceTree = "<group>";
		};
		4E78B30B27554B540099A84F /* Other */ = {
			isa = PBXGroup;
			children = (
				4E78B30C27554B810099A84F /* AuthViewController.swift */,
				4E78B30E27554B960099A84F /* WelcomeViewController.swift */,
				4E78B31027554B9D0099A84F /* SettingsViewController.swift */,
				4E78B31227554BA30099A84F /* ProfileViewController.swift */,
				4E78B31427554BC40099A84F /* PlayerViewController.swift */,
				4E78B31627554BCC0099A84F /* PlaylistViewController.swift */,
				4E78B31827554BEB0099A84F /* SearchResultViewController.swift */,
			);
			path = Other;
			sourceTree = "<group>";
		};
/* End PBXGroup section */

/* Begin PBXNativeTarget section */
		4E78B2E527553EEF0099A84F /* Spotify */ = {
			isa = PBXNativeTarget;
			buildConfigurationList = 4E78B2FA27553EF10099A84F /* Build configuration list for PBXNativeTarget "Spotify" */;
			buildPhases = (
				4E78B2E227553EEF0099A84F /* Sources */,
				4E78B2E327553EEF0099A84F /* Frameworks */,
				4E78B2E427553EEF0099A84F /* Resources */,
			);
			buildRules = (
			);
			dependencies = (
			);
			name = Spotify;
			productName = Spotify;
			productReference = 4E78B2E627553EEF0099A84F /* Spotify.app */;
			productType = "com.apple.product-type.application";
		};
/* End PBXNativeTarget section */

/* Begin PBXProject section */
		4E78B2DE27553EEF0099A84F /* Project object */ = {
			isa = PBXProject;
			attributes = {
				BuildIndependentTargetsInParallel = 1;
				LastSwiftUpdateCheck = 1310;
				LastUpgradeCheck = 1310;
				TargetAttributes = {
					4E78B2E527553EEF0099A84F = {
						CreatedOnToolsVersion = 13.1;
					};
				};
			};
			buildConfigurationList = 4E78B2E127553EEF0099A84F /* Build configuration list for PBXProject "Spotify" */;
			compatibilityVersion = "Xcode 13.0";
			developmentRegion = en;
			hasScannedForEncodings = 0;
			knownRegions = (
				en,
				Base,
			);
			mainGroup = 4E78B2DD27553EEF0099A84F;
			productRefGroup = 4E78B2E727553EEF0099A84F /* Products */;
			projectDirPath = "";
			projectRoot = "";
			targets = (
				4E78B2E527553EEF0099A84F /* Spotify */,
			);
		};
/* End PBXProject section */

/* Begin PBXResourcesBuildPhase section */
		4E78B2E427553EEF0099A84F /* Resources */ = {
			isa = PBXResourcesBuildPhase;
			buildActionMask = 2147483647;
			files = (
				4E78B2F627553EF10099A84F /* LaunchScreen.storyboard in Resources */,
				4E78B2F327553EF10099A84F /* Assets.xcassets in Resources */,
			);
			runOnlyForDeploymentPostprocessing = 0;
		};
/* End PBXResourcesBuildPhase section */

/* Begin PBXSourcesBuildPhase section */
		4E78B2E227553EEF0099A84F /* Sources */ = {
			isa = PBXSourcesBuildPhase;
			buildActionMask = 2147483647;
			files = (
				4E78B30727554B2F0099A84F /* SearchViewController.swift in Sources */,
				4E78B32127554C6B0099A84F /* Playlist.swift in Sources */,
				4E78B31B27554C1E0099A84F /* AuthManager.swift in Sources */,
				4E78B30F27554B960099A84F /* WelcomeViewController.swift in Sources */,
				4E78B31327554BA30099A84F /* ProfileViewController.swift in Sources */,
				4E78B30527554B100099A84F /* TabBarViewController.swift in Sources */,
				4E78B2EE27553EEF0099A84F /* HomeViewController.swift in Sources */,
				4E78B31F27554C4E0099A84F /* HapitcsManager.swift in Sources */,
				4E78B32327554C750099A84F /* AudioTrack.swift in Sources */,
				4E78B30D27554B810099A84F /* AuthViewController.swift in Sources */,
				4E78B2EA27553EEF0099A84F /* AppDelegate.swift in Sources */,
				4E78B30927554B400099A84F /* LibraryViewController.swift in Sources */,
				4E78B32727554C880099A84F /* UserProfile.swift in Sources */,
				4E78B329275648B00099A84F /* Extensions.swift in Sources */,
				4E78B31727554BCC0099A84F /* PlaylistViewController.swift in Sources */,
				4E78B32527554C7B0099A84F /* Artist.swift in Sources */,
				4E78B2EC27553EEF0099A84F /* SceneDelegate.swift in Sources */,
				4E78B31527554BC40099A84F /* PlayerViewController.swift in Sources */,
				4E78B31927554BEB0099A84F /* SearchResultViewController.swift in Sources */,
				4E78B31D27554C370099A84F /* APICaller.swift in Sources */,
				4E78B31127554B9D0099A84F /* SettingsViewController.swift in Sources */,
			);
			runOnlyForDeploymentPostprocessing = 0;
		};
/* End PBXSourcesBuildPhase section */

/* Begin PBXVariantGroup section */
		4E78B2F427553EF10099A84F /* LaunchScreen.storyboard */ = {
			isa = PBXVariantGroup;
			children = (
				4E78B2F527553EF10099A84F /* Base */,
			);
			name = LaunchScreen.storyboard;
			sourceTree = "<group>";
		};
/* End PBXVariantGroup section */

/* Begin XCBuildConfiguration section */
		4E78B2F827553EF10099A84F /* Debug */ = {
			isa = XCBuildConfiguration;
			buildSettings = {
				ALWAYS_SEARCH_USER_PATHS = NO;
				CLANG_ANALYZER_NONNULL = YES;
				CLANG_ANALYZER_NUMBER_OBJECT_CONVERSION = YES_AGGRESSIVE;
				CLANG_CXX_LANGUAGE_STANDARD = "gnu++17";
				CLANG_CXX_LIBRARY = "libc++";
				CLANG_ENABLE_MODULES = YES;
				CLANG_ENABLE_OBJC_ARC = YES;
				CLANG_ENABLE_OBJC_WEAK = YES;
				CLANG_WARN_BLOCK_CAPTURE_AUTORELEASING = YES;
				CLANG_WARN_BOOL_CONVERSION = YES;
				CLANG_WARN_COMMA = YES;
				CLANG_WARN_CONSTANT_CONVERSION = YES;
				CLANG_WARN_DEPRECATED_OBJC_IMPLEMENTATIONS = YES;
				CLANG_WARN_DIRECT_OBJC_ISA_USAGE = YES_ERROR;
				CLANG_WARN_DOCUMENTATION_COMMENTS = YES;
				CLANG_WARN_EMPTY_BODY = YES;
				CLANG_WARN_ENUM_CONVERSION = YES;
				CLANG_WARN_INFINITE_RECURSION = YES;
				CLANG_WARN_INT_CONVERSION = YES;
				CLANG_WARN_NON_LITERAL_NULL_CONVERSION = YES;
				CLANG_WARN_OBJC_IMPLICIT_RETAIN_SELF = YES;
				CLANG_WARN_OBJC_LITERAL_CONVERSION = YES;
				CLANG_WARN_OBJC_ROOT_CLASS = YES_ERROR;
				CLANG_WARN_QUOTED_INCLUDE_IN_FRAMEWORK_HEADER = YES;
				CLANG_WARN_RANGE_LOOP_ANALYSIS = YES;
				CLANG_WARN_STRICT_PROTOTYPES = YES;
				CLANG_WARN_SUSPICIOUS_MOVE = YES;
				CLANG_WARN_UNGUARDED_AVAILABILITY = YES_AGGRESSIVE;
				CLANG_WARN_UNREACHABLE_CODE = YES;
				CLANG_WARN__DUPLICATE_METHOD_MATCH = YES;
				COPY_PHASE_STRIP = NO;
				DEBUG_INFORMATION_FORMAT = dwarf;
				ENABLE_STRICT_OBJC_MSGSEND = YES;
				ENABLE_TESTABILITY = YES;
				GCC_C_LANGUAGE_STANDARD = gnu11;
				GCC_DYNAMIC_NO_PIC = NO;
				GCC_NO_COMMON_BLOCKS = YES;
				GCC_OPTIMIZATION_LEVEL = 0;
				GCC_PREPROCESSOR_DEFINITIONS = (
					"DEBUG=1",
					"$(inherited)",
				);
				GCC_WARN_64_TO_32_BIT_CONVERSION = YES;
				GCC_WARN_ABOUT_RETURN_TYPE = YES_ERROR;
				GCC_WARN_UNDECLARED_SELECTOR = YES;
				GCC_WARN_UNINITIALIZED_AUTOS = YES_AGGRESSIVE;
				GCC_WARN_UNUSED_FUNCTION = YES;
				GCC_WARN_UNUSED_VARIABLE = YES;
				IPHONEOS_DEPLOYMENT_TARGET = 15.0;
				MTL_ENABLE_DEBUG_INFO = INCLUDE_SOURCE;
				MTL_FAST_MATH = YES;
				ONLY_ACTIVE_ARCH = YES;
				SDKROOT = iphoneos;
				SWIFT_ACTIVE_COMPILATION_CONDITIONS = DEBUG;
				SWIFT_OPTIMIZATION_LEVEL = "-Onone";
			};
			name = Debug;
		};
		4E78B2F927553EF10099A84F /* Release */ = {
			isa = XCBuildConfiguration;
			buildSettings = {
				ALWAYS_SEARCH_USER_PATHS = NO;
				CLANG_ANALYZER_NONNULL = YES;
				CLANG_ANALYZER_NUMBER_OBJECT_CONVERSION = YES_AGGRESSIVE;
				CLANG_CXX_LANGUAGE_STANDARD = "gnu++17";
				CLANG_CXX_LIBRARY = "libc++";
				CLANG_ENABLE_MODULES = YES;
				CLANG_ENABLE_OBJC_ARC = YES;
				CLANG_ENABLE_OBJC_WEAK = YES;
				CLANG_WARN_BLOCK_CAPTURE_AUTORELEASING = YES;
				CLANG_WARN_BOOL_CONVERSION = YES;
				CLANG_WARN_COMMA = YES;
				CLANG_WARN_CONSTANT_CONVERSION = YES;
				CLANG_WARN_DEPRECATED_OBJC_IMPLEMENTATIONS = YES;
				CLANG_WARN_DIRECT_OBJC_ISA_USAGE = YES_ERROR;
				CLANG_WARN_DOCUMENTATION_COMMENTS = YES;
				CLANG_WARN_EMPTY_BODY = YES;
				CLANG_WARN_ENUM_CONVERSION = YES;
				CLANG_WARN_INFINITE_RECURSION = YES;
				CLANG_WARN_INT_CONVERSION = YES;
				CLANG_WARN_NON_LITERAL_NULL_CONVERSION = YES;
				CLANG_WARN_OBJC_IMPLICIT_RETAIN_SELF = YES;
				CLANG_WARN_OBJC_LITERAL_CONVERSION = YES;
				CLANG_WARN_OBJC_ROOT_CLASS = YES_ERROR;
				CLANG_WARN_QUOTED_INCLUDE_IN_FRAMEWORK_HEADER = YES;
				CLANG_WARN_RANGE_LOOP_ANALYSIS = YES;
				CLANG_WARN_STRICT_PROTOTYPES = YES;
				CLANG_WARN_SUSPICIOUS_MOVE = YES;
				CLANG_WARN_UNGUARDED_AVAILABILITY = YES_AGGRESSIVE;
				CLANG_WARN_UNREACHABLE_CODE = YES;
				CLANG_WARN__DUPLICATE_METHOD_MATCH = YES;
				COPY_PHASE_STRIP = NO;
				DEBUG_INFORMATION_FORMAT = "dwarf-with-dsym";
				ENABLE_NS_ASSERTIONS = NO;
				ENABLE_STRICT_OBJC_MSGSEND = YES;
				GCC_C_LANGUAGE_STANDARD = gnu11;
				GCC_NO_COMMON_BLOCKS = YES;
				GCC_WARN_64_TO_32_BIT_CONVERSION = YES;
				GCC_WARN_ABOUT_RETURN_TYPE = YES_ERROR;
				GCC_WARN_UNDECLARED_SELECTOR = YES;
				GCC_WARN_UNINITIALIZED_AUTOS = YES_AGGRESSIVE;
				GCC_WARN_UNUSED_FUNCTION = YES;
				GCC_WARN_UNUSED_VARIABLE = YES;
				IPHONEOS_DEPLOYMENT_TARGET = 15.0;
				MTL_ENABLE_DEBUG_INFO = NO;
				MTL_FAST_MATH = YES;
				SDKROOT = iphoneos;
				SWIFT_COMPILATION_MODE = wholemodule;
				SWIFT_OPTIMIZATION_LEVEL = "-O";
				VALIDATE_PRODUCT = YES;
			};
			name = Release;
		};
		4E78B2FB27553EF10099A84F /* Debug */ = {
			isa = XCBuildConfiguration;
			buildSettings = {
				ASSETCATALOG_COMPILER_APPICON_NAME = AppIcon;
				ASSETCATALOG_COMPILER_GLOBAL_ACCENT_COLOR_NAME = AccentColor;
				CODE_SIGN_STYLE = Automatic;
				CURRENT_PROJECT_VERSION = 1;
				GENERATE_INFOPLIST_FILE = YES;
				INFOPLIST_FILE = Spotify/Info.plist;
				INFOPLIST_KEY_UIApplicationSupportsIndirectInputEvents = YES;
				INFOPLIST_KEY_UILaunchStoryboardName = LaunchScreen;
				INFOPLIST_KEY_UISupportedInterfaceOrientations_iPad = "UIInterfaceOrientationPortrait UIInterfaceOrientationPortraitUpsideDown UIInterfaceOrientationLandscapeLeft UIInterfaceOrientationLandscapeRight";
				INFOPLIST_KEY_UISupportedInterfaceOrientations_iPhone = "UIInterfaceOrientationPortrait UIInterfaceOrientationLandscapeLeft UIInterfaceOrientationLandscapeRight";
				LD_RUNPATH_SEARCH_PATHS = (
					"$(inherited)",
					"@executable_path/Frameworks",
				);
				MARKETING_VERSION = 1.0;
				PRODUCT_BUNDLE_IDENTIFIER = com.vaivoa.Spotify;
				PRODUCT_NAME = "$(TARGET_NAME)";
				SWIFT_EMIT_LOC_STRINGS = YES;
				SWIFT_VERSION = 5.0;
				TARGETED_DEVICE_FAMILY = "1,2";
			};
			name = Debug;
		};
		4E78B2FC27553EF10099A84F /* Release */ = {
			isa = XCBuildConfiguration;
			buildSettings = {
				ASSETCATALOG_COMPILER_APPICON_NAME = AppIcon;
				ASSETCATALOG_COMPILER_GLOBAL_ACCENT_COLOR_NAME = AccentColor;
				CODE_SIGN_STYLE = Automatic;
				CURRENT_PROJECT_VERSION = 1;
				GENERATE_INFOPLIST_FILE = YES;
				INFOPLIST_FILE = Spotify/Info.plist;
				INFOPLIST_KEY_UIApplicationSupportsIndirectInputEvents = YES;
				INFOPLIST_KEY_UILaunchStoryboardName = LaunchScreen;
				INFOPLIST_KEY_UISupportedInterfaceOrientations_iPad = "UIInterfaceOrientationPortrait UIInterfaceOrientationPortraitUpsideDown UIInterfaceOrientationLandscapeLeft UIInterfaceOrientationLandscapeRight";
				INFOPLIST_KEY_UISupportedInterfaceOrientations_iPhone = "UIInterfaceOrientationPortrait UIInterfaceOrientationLandscapeLeft UIInterfaceOrientationLandscapeRight";
				LD_RUNPATH_SEARCH_PATHS = (
					"$(inherited)",
					"@executable_path/Frameworks",
				);
				MARKETING_VERSION = 1.0;
				PRODUCT_BUNDLE_IDENTIFIER = com.vaivoa.Spotify;
				PRODUCT_NAME = "$(TARGET_NAME)";
				SWIFT_EMIT_LOC_STRINGS = YES;
				SWIFT_VERSION = 5.0;
				TARGETED_DEVICE_FAMILY = "1,2";
			};
			name = Release;
		};
/* End XCBuildConfiguration section */

/* Begin XCConfigurationList section */
		4E78B2E127553EEF0099A84F /* Build configuration list for PBXProject "Spotify" */ = {
			isa = XCConfigurationList;
			buildConfigurations = (
				4E78B2F827553EF10099A84F /* Debug */,
				4E78B2F927553EF10099A84F /* Release */,
			);
			defaultConfigurationIsVisible = 0;
			defaultConfigurationName = Release;
		};
		4E78B2FA27553EF10099A84F /* Build configuration list for PBXNativeTarget "Spotify" */ = {
			isa = XCConfigurationList;
			buildConfigurations = (
				4E78B2FB27553EF10099A84F /* Debug */,
				4E78B2FC27553EF10099A84F /* Release */,
			);
			defaultConfigurationIsVisible = 0;
			defaultConfigurationName = Release;
		};
/* End XCConfigurationList section */
	};
	rootObject = 4E78B2DE27553EEF0099A84F /* Project object */;
}
